// !$*UTF8*$!
{
	archiveVersion = 1;
	classes = {
	};
	objectVersion = 46;
	objects = {

/* Begin PBXBuildFile section */
		1C210D871F1DD8CF00100F92 /* AppDelegate.swift in Sources */ = {isa = PBXBuildFile; fileRef = 1C210D861F1DD8CF00100F92 /* AppDelegate.swift */; };
		1C210D8C1F1DD8CF00100F92 /* Main.storyboard in Resources */ = {isa = PBXBuildFile; fileRef = 1C210D8A1F1DD8CF00100F92 /* Main.storyboard */; };
		1C210D8E1F1DD8CF00100F92 /* Assets.xcassets in Resources */ = {isa = PBXBuildFile; fileRef = 1C210D8D1F1DD8CF00100F92 /* Assets.xcassets */; };
		1C210D911F1DD8CF00100F92 /* LaunchScreen.storyboard in Resources */ = {isa = PBXBuildFile; fileRef = 1C210D8F1F1DD8CF00100F92 /* LaunchScreen.storyboard */; };
		1C83E2751F23129D001C6FF7 /* MapVC.swift in Sources */ = {isa = PBXBuildFile; fileRef = 1C83E2741F23129D001C6FF7 /* MapVC.swift */; };
		1C83E2771F23269F001C6FF7 /* GoogleService-Info.plist in Resources */ = {isa = PBXBuildFile; fileRef = 1C83E2761F23269F001C6FF7 /* GoogleService-Info.plist */; };
		1C9C9EDA1F22D294006421A3 /* Menu.swift in Sources */ = {isa = PBXBuildFile; fileRef = 1C9C9ED91F22D294006421A3 /* Menu.swift */; };
		1C9C9EDC1F22DEBE006421A3 /* MenuItem.swift in Sources */ = {isa = PBXBuildFile; fileRef = 1C9C9EDB1F22DEBE006421A3 /* MenuItem.swift */; };
		1C9C9EDE1F22DFA1006421A3 /* MenuCategory.swift in Sources */ = {isa = PBXBuildFile; fileRef = 1C9C9EDD1F22DFA1006421A3 /* MenuCategory.swift */; };
		1C9C9EE21F22FDA5006421A3 /* MenuSection.swift in Sources */ = {isa = PBXBuildFile; fileRef = 1C9C9EE11F22FDA5006421A3 /* MenuSection.swift */; };
		1CEAD3BA1F21862E002506FC /* RestaurantInfoTVCell.swift in Sources */ = {isa = PBXBuildFile; fileRef = 1CEAD3B91F21862E002506FC /* RestaurantInfoTVCell.swift */; };
		1CEAD3BC1F21889B002506FC /* RestaurantsNearMeVC.swift in Sources */ = {isa = PBXBuildFile; fileRef = 1CEAD3BB1F21889B002506FC /* RestaurantsNearMeVC.swift */; };
		1CEAD3BE1F218C46002506FC /* CoreLocation.framework in Frameworks */ = {isa = PBXBuildFile; fileRef = 1CEAD3BD1F218C46002506FC /* CoreLocation.framework */; };
		1CEAD3C41F21BE72002506FC /* SwiftyJSON.framework in Frameworks */ = {isa = PBXBuildFile; fileRef = 1CEAD3C31F21BE72002506FC /* SwiftyJSON.framework */; };
		1CEAD3C61F21BE76002506FC /* Alamofire.framework in Frameworks */ = {isa = PBXBuildFile; fileRef = 1CEAD3C51F21BE76002506FC /* Alamofire.framework */; };
		1CEAD3C81F21CC60002506FC /* NearbyRestaurant.swift in Sources */ = {isa = PBXBuildFile; fileRef = 1CEAD3C71F21CC60002506FC /* NearbyRestaurant.swift */; };
		1CEDAC791F244E02002C26BE /* App Icons in Resources */ = {isa = PBXBuildFile; fileRef = 1CEDAC781F244E02002C26BE /* App Icons */; };
		1CEDAC7B1F2582D6002C26BE /* RestaurantLocale.swift in Sources */ = {isa = PBXBuildFile; fileRef = 1CEDAC7A1F2582D6002C26BE /* RestaurantLocale.swift */; };
		A22654225E1E597ABA8DDF16 /* Pods_Yum_Quest.framework in Frameworks */ = {isa = PBXBuildFile; fileRef = 933FBA043D31C487D1BEDB6C /* Pods_Yum_Quest.framework */; };
/* End PBXBuildFile section */

/* Begin PBXFileReference section */
		1C210D831F1DD8CF00100F92 /* Yum_Quest.app */ = {isa = PBXFileReference; explicitFileType = wrapper.application; includeInIndex = 0; path = Yum_Quest.app; sourceTree = BUILT_PRODUCTS_DIR; };
		1C210D861F1DD8CF00100F92 /* AppDelegate.swift */ = {isa = PBXFileReference; lastKnownFileType = sourcecode.swift; path = AppDelegate.swift; sourceTree = "<group>"; };
		1C210D8B1F1DD8CF00100F92 /* Base */ = {isa = PBXFileReference; lastKnownFileType = file.storyboard; name = Base; path = Base.lproj/Main.storyboard; sourceTree = "<group>"; };
		1C210D8D1F1DD8CF00100F92 /* Assets.xcassets */ = {isa = PBXFileReference; lastKnownFileType = folder.assetcatalog; path = Assets.xcassets; sourceTree = "<group>"; };
		1C210D901F1DD8CF00100F92 /* Base */ = {isa = PBXFileReference; lastKnownFileType = file.storyboard; name = Base; path = Base.lproj/LaunchScreen.storyboard; sourceTree = "<group>"; };
		1C210D921F1DD8CF00100F92 /* Info.plist */ = {isa = PBXFileReference; lastKnownFileType = text.plist.xml; path = Info.plist; sourceTree = "<group>"; };
		1C83E2741F23129D001C6FF7 /* MapVC.swift */ = {isa = PBXFileReference; fileEncoding = 4; lastKnownFileType = sourcecode.swift; path = MapVC.swift; sourceTree = "<group>"; };
		1C83E2761F23269F001C6FF7 /* GoogleService-Info.plist */ = {isa = PBXFileReference; fileEncoding = 4; lastKnownFileType = text.plist.xml; path = "GoogleService-Info.plist"; sourceTree = "<group>"; };
		1C9C9ED91F22D294006421A3 /* Menu.swift */ = {isa = PBXFileReference; fileEncoding = 4; lastKnownFileType = sourcecode.swift; path = Menu.swift; sourceTree = "<group>"; };
		1C9C9EDB1F22DEBE006421A3 /* MenuItem.swift */ = {isa = PBXFileReference; fileEncoding = 4; lastKnownFileType = sourcecode.swift; path = MenuItem.swift; sourceTree = "<group>"; };
		1C9C9EDD1F22DFA1006421A3 /* MenuCategory.swift */ = {isa = PBXFileReference; fileEncoding = 4; lastKnownFileType = sourcecode.swift; path = MenuCategory.swift; sourceTree = "<group>"; };
		1C9C9EE11F22FDA5006421A3 /* MenuSection.swift */ = {isa = PBXFileReference; fileEncoding = 4; lastKnownFileType = sourcecode.swift; path = MenuSection.swift; sourceTree = "<group>"; };
		1CEAD3B91F21862E002506FC /* RestaurantInfoTVCell.swift */ = {isa = PBXFileReference; fileEncoding = 4; lastKnownFileType = sourcecode.swift; path = RestaurantInfoTVCell.swift; sourceTree = "<group>"; };
		1CEAD3BB1F21889B002506FC /* RestaurantsNearMeVC.swift */ = {isa = PBXFileReference; fileEncoding = 4; lastKnownFileType = sourcecode.swift; path = RestaurantsNearMeVC.swift; sourceTree = "<group>"; };
		1CEAD3BD1F218C46002506FC /* CoreLocation.framework */ = {isa = PBXFileReference; lastKnownFileType = wrapper.framework; name = CoreLocation.framework; path = System/Library/Frameworks/CoreLocation.framework; sourceTree = SDKROOT; };
		1CEAD3C31F21BE72002506FC /* SwiftyJSON.framework */ = {isa = PBXFileReference; lastKnownFileType = wrapper.framework; name = SwiftyJSON.framework; path = "../../Library/Developer/Xcode/DerivedData/Yum_Quest-gtohcbqtfugsubbedbuqkqqzhglv/Build/Products/Debug-iphonesimulator/SwiftyJSON/SwiftyJSON.framework"; sourceTree = "<group>"; };
		1CEAD3C51F21BE76002506FC /* Alamofire.framework */ = {isa = PBXFileReference; lastKnownFileType = wrapper.framework; name = Alamofire.framework; path = "../../Library/Developer/Xcode/DerivedData/Yum_Quest-gtohcbqtfugsubbedbuqkqqzhglv/Build/Products/Debug-iphonesimulator/Alamofire/Alamofire.framework"; sourceTree = "<group>"; };
		1CEAD3C71F21CC60002506FC /* NearbyRestaurant.swift */ = {isa = PBXFileReference; fileEncoding = 4; lastKnownFileType = sourcecode.swift; path = NearbyRestaurant.swift; sourceTree = "<group>"; };
		1CEDAC781F244E02002C26BE /* App Icons */ = {isa = PBXFileReference; lastKnownFileType = folder; path = "App Icons"; sourceTree = "<group>"; };
		1CEDAC7A1F2582D6002C26BE /* RestaurantLocale.swift */ = {isa = PBXFileReference; fileEncoding = 4; lastKnownFileType = sourcecode.swift; path = RestaurantLocale.swift; sourceTree = "<group>"; };
		2EB969A0B18A2B08370D092D /* Pods-Yum_Quest.release.xcconfig */ = {isa = PBXFileReference; includeInIndex = 1; lastKnownFileType = text.xcconfig; name = "Pods-Yum_Quest.release.xcconfig"; path = "Pods/Target Support Files/Pods-Yum_Quest/Pods-Yum_Quest.release.xcconfig"; sourceTree = "<group>"; };
		512ABD6B19325E5194E98CB2 /* Pods-Yum_Quest.debug.xcconfig */ = {isa = PBXFileReference; includeInIndex = 1; lastKnownFileType = text.xcconfig; name = "Pods-Yum_Quest.debug.xcconfig"; path = "Pods/Target Support Files/Pods-Yum_Quest/Pods-Yum_Quest.debug.xcconfig"; sourceTree = "<group>"; };
		933FBA043D31C487D1BEDB6C /* Pods_Yum_Quest.framework */ = {isa = PBXFileReference; explicitFileType = wrapper.framework; includeInIndex = 0; path = Pods_Yum_Quest.framework; sourceTree = BUILT_PRODUCTS_DIR; };
/* End PBXFileReference section */

/* Begin PBXFrameworksBuildPhase section */
		1C210D801F1DD8CF00100F92 /* Frameworks */ = {
			isa = PBXFrameworksBuildPhase;
			buildActionMask = 2147483647;
			files = (
				1CEAD3C61F21BE76002506FC /* Alamofire.framework in Frameworks */,
				1CEAD3C41F21BE72002506FC /* SwiftyJSON.framework in Frameworks */,
				1CEAD3BE1F218C46002506FC /* CoreLocation.framework in Frameworks */,
				A22654225E1E597ABA8DDF16 /* Pods_Yum_Quest.framework in Frameworks */,
			);
			runOnlyForDeploymentPostprocessing = 0;
		};
/* End PBXFrameworksBuildPhase section */

/* Begin PBXGroup section */
		1C210D7A1F1DD8CE00100F92 = {
			isa = PBXGroup;
			children = (
				1C210D851F1DD8CF00100F92 /* Yum_Quest */,
				1C210D841F1DD8CF00100F92 /* Products */,
				D242D3A14E9B8758E4E25CE7 /* Pods */,
				363B98D764CD321AED3C8540 /* Frameworks */,
			);
			sourceTree = "<group>";
		};
		1C210D841F1DD8CF00100F92 /* Products */ = {
			isa = PBXGroup;
			children = (
				1C210D831F1DD8CF00100F92 /* Yum_Quest.app */,
			);
			name = Products;
			sourceTree = "<group>";
		};
		1C210D851F1DD8CF00100F92 /* Yum_Quest */ = {
			isa = PBXGroup;
			children = (
				1C210D861F1DD8CF00100F92 /* AppDelegate.swift */,
				1CEAD3BB1F21889B002506FC /* RestaurantsNearMeVC.swift */,
				1CEAD3B91F21862E002506FC /* RestaurantInfoTVCell.swift */,
				1CEAD3C71F21CC60002506FC /* NearbyRestaurant.swift */,
				1C9C9ED91F22D294006421A3 /* Menu.swift */,
				1C9C9EDD1F22DFA1006421A3 /* MenuCategory.swift */,
				1C9C9EE11F22FDA5006421A3 /* MenuSection.swift */,
				1C9C9EDB1F22DEBE006421A3 /* MenuItem.swift */,
				1C83E2741F23129D001C6FF7 /* MapVC.swift */,
				1CEDAC7A1F2582D6002C26BE /* RestaurantLocale.swift */,
				1C210D8A1F1DD8CF00100F92 /* Main.storyboard */,
				1C210D8D1F1DD8CF00100F92 /* Assets.xcassets */,
				1C210D8F1F1DD8CF00100F92 /* LaunchScreen.storyboard */,
				1C210D921F1DD8CF00100F92 /* Info.plist */,
				1C83E2761F23269F001C6FF7 /* GoogleService-Info.plist */,
				1CEDAC781F244E02002C26BE /* App Icons */,
			);
			path = Yum_Quest;
			sourceTree = "<group>";
		};
		363B98D764CD321AED3C8540 /* Frameworks */ = {
			isa = PBXGroup;
			children = (
				1CEAD3C51F21BE76002506FC /* Alamofire.framework */,
				1CEAD3C31F21BE72002506FC /* SwiftyJSON.framework */,
				1CEAD3BD1F218C46002506FC /* CoreLocation.framework */,
				933FBA043D31C487D1BEDB6C /* Pods_Yum_Quest.framework */,
			);
			name = Frameworks;
			sourceTree = "<group>";
		};
		D242D3A14E9B8758E4E25CE7 /* Pods */ = {
			isa = PBXGroup;
			children = (
				512ABD6B19325E5194E98CB2 /* Pods-Yum_Quest.debug.xcconfig */,
				2EB969A0B18A2B08370D092D /* Pods-Yum_Quest.release.xcconfig */,
			);
			name = Pods;
			sourceTree = "<group>";
		};
/* End PBXGroup section */

/* Begin PBXNativeTarget section */
		1C210D821F1DD8CF00100F92 /* Yum_Quest */ = {
			isa = PBXNativeTarget;
			buildConfigurationList = 1C210D951F1DD8CF00100F92 /* Build configuration list for PBXNativeTarget "Yum_Quest" */;
			buildPhases = (
				F1589CF1675DB90A66C478D7 /* [CP] Check Pods Manifest.lock */,
				1C210D7F1F1DD8CF00100F92 /* Sources */,
				1C210D801F1DD8CF00100F92 /* Frameworks */,
				1C210D811F1DD8CF00100F92 /* Resources */,
				E76F8C2AD52CBA16BBE4632B /* [CP] Embed Pods Frameworks */,
				F1302F8DF8A4B8BD5B2F408C /* [CP] Copy Pods Resources */,
			);
			buildRules = (
			);
			dependencies = (
			);
			name = Yum_Quest;
			productName = Yum_Quest;
			productReference = 1C210D831F1DD8CF00100F92 /* Yum_Quest.app */;
			productType = "com.apple.product-type.application";
		};
/* End PBXNativeTarget section */

/* Begin PBXProject section */
		1C210D7B1F1DD8CE00100F92 /* Project object */ = {
			isa = PBXProject;
			attributes = {
				LastSwiftUpdateCheck = 0830;
				LastUpgradeCheck = 0830;
				ORGANIZATIONNAME = anandb7248;
				TargetAttributes = {
					1C210D821F1DD8CF00100F92 = {
						CreatedOnToolsVersion = 8.3.3;
						ProvisioningStyle = Automatic;
					};
				};
			};
			buildConfigurationList = 1C210D7E1F1DD8CE00100F92 /* Build configuration list for PBXProject "Yum_Quest" */;
			compatibilityVersion = "Xcode 3.2";
			developmentRegion = English;
			hasScannedForEncodings = 0;
			knownRegions = (
				en,
				Base,
			);
			mainGroup = 1C210D7A1F1DD8CE00100F92;
			productRefGroup = 1C210D841F1DD8CF00100F92 /* Products */;
			projectDirPath = "";
			projectRoot = "";
			targets = (
				1C210D821F1DD8CF00100F92 /* Yum_Quest */,
			);
		};
/* End PBXProject section */

/* Begin PBXResourcesBuildPhase section */
		1C210D811F1DD8CF00100F92 /* Resources */ = {
			isa = PBXResourcesBuildPhase;
			buildActionMask = 2147483647;
			files = (
				1C210D911F1DD8CF00100F92 /* LaunchScreen.storyboard in Resources */,
				1C83E2771F23269F001C6FF7 /* GoogleService-Info.plist in Resources */,
				1C210D8E1F1DD8CF00100F92 /* Assets.xcassets in Resources */,
				1C210D8C1F1DD8CF00100F92 /* Main.storyboard in Resources */,
				1CEDAC791F244E02002C26BE /* App Icons in Resources */,
			);
			runOnlyForDeploymentPostprocessing = 0;
		};
/* End PBXResourcesBuildPhase section */

/* Begin PBXShellScriptBuildPhase section */
		E76F8C2AD52CBA16BBE4632B /* [CP] Embed Pods Frameworks */ = {
			isa = PBXShellScriptBuildPhase;
			buildActionMask = 2147483647;
			files = (
			);
			inputPaths = (
			);
			name = "[CP] Embed Pods Frameworks";
			outputPaths = (
			);
			runOnlyForDeploymentPostprocessing = 0;
			shellPath = /bin/sh;
			shellScript = "\"${SRCROOT}/Pods/Target Support Files/Pods-Yum_Quest/Pods-Yum_Quest-frameworks.sh\"\n";
			showEnvVarsInLog = 0;
		};
		F1302F8DF8A4B8BD5B2F408C /* [CP] Copy Pods Resources */ = {
			isa = PBXShellScriptBuildPhase;
			buildActionMask = 2147483647;
			files = (
			);
			inputPaths = (
			);
			name = "[CP] Copy Pods Resources";
			outputPaths = (
			);
			runOnlyForDeploymentPostprocessing = 0;
			shellPath = /bin/sh;
			shellScript = "\"${SRCROOT}/Pods/Target Support Files/Pods-Yum_Quest/Pods-Yum_Quest-resources.sh\"\n";
			showEnvVarsInLog = 0;
		};
		F1589CF1675DB90A66C478D7 /* [CP] Check Pods Manifest.lock */ = {
			isa = PBXShellScriptBuildPhase;
			buildActionMask = 2147483647;
			files = (
			);
			inputPaths = (
			);
			name = "[CP] Check Pods Manifest.lock";
			outputPaths = (
			);
			runOnlyForDeploymentPostprocessing = 0;
			shellPath = /bin/sh;
			shellScript = "diff \"${PODS_PODFILE_DIR_PATH}/Podfile.lock\" \"${PODS_ROOT}/Manifest.lock\" > /dev/null\nif [ $? != 0 ] ; then\n    # print error to STDERR\n    echo \"error: The sandbox is not in sync with the Podfile.lock. Run 'pod install' or update your CocoaPods installation.\" >&2\n    exit 1\nfi\n";
			showEnvVarsInLog = 0;
		};
/* End PBXShellScriptBuildPhase section */

/* Begin PBXSourcesBuildPhase section */
		1C210D7F1F1DD8CF00100F92 /* Sources */ = {
			isa = PBXSourcesBuildPhase;
			buildActionMask = 2147483647;
			files = (
				1CEDAC7B1F2582D6002C26BE /* RestaurantLocale.swift in Sources */,
				1CEAD3BA1F21862E002506FC /* RestaurantInfoTVCell.swift in Sources */,
				1CEAD3BC1F21889B002506FC /* RestaurantsNearMeVC.swift in Sources */,
				1C9C9EDE1F22DFA1006421A3 /* MenuCategory.swift in Sources */,
				1C210D871F1DD8CF00100F92 /* AppDelegate.swift in Sources */,
				1C9C9EDC1F22DEBE006421A3 /* MenuItem.swift in Sources */,
				1CEAD3C81F21CC60002506FC /* NearbyRestaurant.swift in Sources */,
				1C9C9EE21F22FDA5006421A3 /* MenuSection.swift in Sources */,
				1C83E2751F23129D001C6FF7 /* MapVC.swift in Sources */,
				1C9C9EDA1F22D294006421A3 /* Menu.swift in Sources */,
			);
			runOnlyForDeploymentPostprocessing = 0;
		};
/* End PBXSourcesBuildPhase section */

/* Begin PBXVariantGroup section */
		1C210D8A1F1DD8CF00100F92 /* Main.storyboard */ = {
			isa = PBXVariantGroup;
			children = (
				1C210D8B1F1DD8CF00100F92 /* Base */,
			);
			name = Main.storyboard;
			sourceTree = "<group>";
		};
		1C210D8F1F1DD8CF00100F92 /* LaunchScreen.storyboard */ = {
			isa = PBXVariantGroup;
			children = (
				1C210D901F1DD8CF00100F92 /* Base */,
			);
			name = LaunchScreen.storyboard;
			sourceTree = "<group>";
		};
/* End PBXVariantGroup section */

/* Begin XCBuildConfiguration section */
		1C210D931F1DD8CF00100F92 /* Debug */ = {
			isa = XCBuildConfiguration;
			buildSettings = {
				ALWAYS_SEARCH_USER_PATHS = NO;
				CLANG_ANALYZER_NONNULL = YES;
				CLANG_ANALYZER_NUMBER_OBJECT_CONVERSION = YES_AGGRESSIVE;
				CLANG_CXX_LANGUAGE_STANDARD = "gnu++0x";
				CLANG_CXX_LIBRARY = "libc++";
				CLANG_ENABLE_MODULES = YES;
				CLANG_ENABLE_OBJC_ARC = YES;
				CLANG_WARN_BOOL_CONVERSION = YES;
				CLANG_WARN_CONSTANT_CONVERSION = YES;
				CLANG_WARN_DIRECT_OBJC_ISA_USAGE = YES_ERROR;
				CLANG_WARN_DOCUMENTATION_COMMENTS = YES;
				CLANG_WARN_EMPTY_BODY = YES;
				CLANG_WARN_ENUM_CONVERSION = YES;
				CLANG_WARN_INFINITE_RECURSION = YES;
				CLANG_WARN_INT_CONVERSION = YES;
				CLANG_WARN_OBJC_ROOT_CLASS = YES_ERROR;
				CLANG_WARN_SUSPICIOUS_MOVE = YES;
				CLANG_WARN_UNREACHABLE_CODE = YES;
				CLANG_WARN__DUPLICATE_METHOD_MATCH = YES;
				"CODE_SIGN_IDENTITY[sdk=iphoneos*]" = "iPhone Developer";
				COPY_PHASE_STRIP = NO;
				DEBUG_INFORMATION_FORMAT = dwarf;
				ENABLE_STRICT_OBJC_MSGSEND = YES;
				ENABLE_TESTABILITY = YES;
				GCC_C_LANGUAGE_STANDARD = gnu99;
				GCC_DYNAMIC_NO_PIC = NO;
				GCC_NO_COMMON_BLOCKS = YES;
				GCC_OPTIMIZATION_LEVEL = 0;
				GCC_PREPROCESSOR_DEFINITIONS = (
					"DEBUG=1",
					"$(inherited)",
				);
				GCC_WARN_64_TO_32_BIT_CONVERSION = YES;
				GCC_WARN_ABOUT_RETURN_TYPE = YES_ERROR;
				GCC_WARN_UNDECLARED_SELECTOR = YES;
				GCC_WARN_UNINITIALIZED_AUTOS = YES_AGGRESSIVE;
				GCC_WARN_UNUSED_FUNCTION = YES;
				GCC_WARN_UNUSED_VARIABLE = YES;
				IPHONEOS_DEPLOYMENT_TARGET = 10.3;
				MTL_ENABLE_DEBUG_INFO = YES;
				ONLY_ACTIVE_ARCH = YES;
				SDKROOT = iphoneos;
				SWIFT_ACTIVE_COMPILATION_CONDITIONS = DEBUG;
				SWIFT_OPTIMIZATION_LEVEL = "-Onone";
			};
			name = Debug;
		};
		1C210D941F1DD8CF00100F92 /* Release */ = {
			isa = XCBuildConfiguration;
			buildSettings = {
				ALWAYS_SEARCH_USER_PATHS = NO;
				CLANG_ANALYZER_NONNULL = YES;
				CLANG_ANALYZER_NUMBER_OBJECT_CONVERSION = YES_AGGRESSIVE;
				CLANG_CXX_LANGUAGE_STANDARD = "gnu++0x";
				CLANG_CXX_LIBRARY = "libc++";
				CLANG_ENABLE_MODULES = YES;
				CLANG_ENABLE_OBJC_ARC = YES;
				CLANG_WARN_BOOL_CONVERSION = YES;
				CLANG_WARN_CONSTANT_CONVERSION = YES;
				CLANG_WARN_DIRECT_OBJC_ISA_USAGE = YES_ERROR;
				CLANG_WARN_DOCUMENTATION_COMMENTS = YES;
				CLANG_WARN_EMPTY_BODY = YES;
				CLANG_WARN_ENUM_CONVERSION = YES;
				CLANG_WARN_INFINITE_RECURSION = YES;
				CLANG_WARN_INT_CONVERSION = YES;
				CLANG_WARN_OBJC_ROOT_CLASS = YES_ERROR;
				CLANG_WARN_SUSPICIOUS_MOVE = YES;
				CLANG_WARN_UNREACHABLE_CODE = YES;
				CLANG_WARN__DUPLICATE_METHOD_MATCH = YES;
				"CODE_SIGN_IDENTITY[sdk=iphoneos*]" = "iPhone Developer";
				COPY_PHASE_STRIP = NO;
				DEBUG_INFORMATION_FORMAT = "dwarf-with-dsym";
				ENABLE_NS_ASSERTIONS = NO;
				ENABLE_STRICT_OBJC_MSGSEND = YES;
				GCC_C_LANGUAGE_STANDARD = gnu99;
				GCC_NO_COMMON_BLOCKS = YES;
				GCC_WARN_64_TO_32_BIT_CONVERSION = YES;
				GCC_WARN_ABOUT_RETURN_TYPE = YES_ERROR;
				GCC_WARN_UNDECLARED_SELECTOR = YES;
				GCC_WARN_UNINITIALIZED_AUTOS = YES_AGGRESSIVE;
				GCC_WARN_UNUSED_FUNCTION = YES;
				GCC_WARN_UNUSED_VARIABLE = YES;
				IPHONEOS_DEPLOYMENT_TARGET = 10.3;
				MTL_ENABLE_DEBUG_INFO = NO;
				SDKROOT = iphoneos;
				SWIFT_OPTIMIZATION_LEVEL = "-Owholemodule";
				VALIDATE_PRODUCT = YES;
			};
			name = Release;
		};
		1C210D961F1DD8CF00100F92 /* Debug */ = {
			isa = XCBuildConfiguration;
			baseConfigurationReference = 512ABD6B19325E5194E98CB2 /* Pods-Yum_Quest.debug.xcconfig */;
			buildSettings = {
				ASSETCATALOG_COMPILER_APPICON_NAME = AppIcon;
				INFOPLIST_FILE = Yum_Quest/Info.plist;
				LD_RUNPATH_SEARCH_PATHS = "$(inherited) @executable_path/Frameworks";
				PRODUCT_BUNDLE_IDENTIFIER = "Anand-Batjargal.Yum-Quest";
				PRODUCT_NAME = "$(TARGET_NAME)";
				SWIFT_VERSION = 3.0;
			};
			name = Debug;
		};
		1C210D971F1DD8CF00100F92 /* Release */ = {
			isa = XCBuildConfiguration;
			baseConfigurationReference = 2EB969A0B18A2B08370D092D /* Pods-Yum_Quest.release.xcconfig */;
			buildSettings = {
				ASSETCATALOG_COMPILER_APPICON_NAME = AppIcon;
				INFOPLIST_FILE = Yum_Quest/Info.plist;
				LD_RUNPATH_SEARCH_PATHS = "$(inherited) @executable_path/Frameworks";
				PRODUCT_BUNDLE_IDENTIFIER = "Anand-Batjargal.Yum-Quest";
				PRODUCT_NAME = "$(TARGET_NAME)";
				SWIFT_VERSION = 3.0;
			};
			name = Release;
		};
/* End XCBuildConfiguration section */

/* Begin XCConfigurationList section */
		1C210D7E1F1DD8CE00100F92 /* Build configuration list for PBXProject "Yum_Quest" */ = {
			isa = XCConfigurationList;
			buildConfigurations = (
				1C210D931F1DD8CF00100F92 /* Debug */,
				1C210D941F1DD8CF00100F92 /* Release */,
			);
			defaultConfigurationIsVisible = 0;
			defaultConfigurationName = Release;
		};
		1C210D951F1DD8CF00100F92 /* Build configuration list for PBXNativeTarget "Yum_Quest" */ = {
			isa = XCConfigurationList;
			buildConfigurations = (
				1C210D961F1DD8CF00100F92 /* Debug */,
				1C210D971F1DD8CF00100F92 /* Release */,
			);
			defaultConfigurationIsVisible = 0;
			defaultConfigurationName = Release;
		};
/* End XCConfigurationList section */
	};
	rootObject = 1C210D7B1F1DD8CE00100F92 /* Project object */;
}
